
Microsoft Visual Studio Solution File, Format Version 12.00
# Visual Studio 2012
Project("{FAE04EC0-301F-11D3-BF4B-00C04F79EFBC}") = "osu! BPM Changer", "osu! BPM Changer\osu! BPM Changer.csproj", "{88026F3A-2BC2-4542-87CE-6A7E796FD2DD}"
EndProject
Global
	GlobalSection(SolutionConfigurationPlatforms) = preSolution
		Debug|Any CPU = Debug|Any CPU
		Release|Any CPU = Release|Any CPU
	EndGlobalSection
	GlobalSection(ProjectConfigurationPlatforms) = postSolution
		{88026F3A-2BC2-4542-87CE-6A7E796FD2DD}.Debug|Any CPU.ActiveCfg = Debug|Any CPU
		{88026F3A-2BC2-4542-87CE-6A7E796FD2DD}.Debug|Any CPU.Build.0 = Debug|Any CPU
		{88026F3A-2BC2-4542-87CE-6A7E796FD2DD}.Release|Any CPU.ActiveCfg = Release|Any CPU
		{88026F3A-2BC2-4542-87CE-6A7E796FD2DD}.Release|Any CPU.Build.0 = Release|Any CPU
	EndGlobalSection
	GlobalSection(SolutionProperties) = preSolution
		HideSolutionNode = FALSE
	EndGlobalSection
EndGlobal
